// !$*UTF8*$!
{
	archiveVersion = 1;
	classes = {
	};
	objectVersion = 51;
	objects = {

/* Begin PBXBuildFile section */
		21CB6E4FB2113933E6AAC69C /* Pods_TRIFLE_TRIFLEUITests.framework in Frameworks */ = {isa = PBXBuildFile; fileRef = C46E06868F63F52EAEB7A679 /* Pods_TRIFLE_TRIFLEUITests.framework */; };
		2F1A5E5A23F1C2C600D409A8 /* UISegmentedControl-Extension.swift in Sources */ = {isa = PBXBuildFile; fileRef = 2F1A5E5923F1C2C600D409A8 /* UISegmentedControl-Extension.swift */; };
		2F1A5E5C23F1C94E00D409A8 /* TRRecommendViewController.swift in Sources */ = {isa = PBXBuildFile; fileRef = 2F1A5E5B23F1C94E00D409A8 /* TRRecommendViewController.swift */; };
		2F1A5E5E23F1C97D00D409A8 /* TREttentionViewController.swift in Sources */ = {isa = PBXBuildFile; fileRef = 2F1A5E5D23F1C97D00D409A8 /* TREttentionViewController.swift */; };
		2F1A5E6023F1DA1F00D409A8 /* TRLoginView.swift in Sources */ = {isa = PBXBuildFile; fileRef = 2F1A5E5F23F1DA1F00D409A8 /* TRLoginView.swift */; };
		2F1A5E6223F1DEDA00D409A8 /* profile.plist in Resources */ = {isa = PBXBuildFile; fileRef = 2F1A5E6123F1DEDA00D409A8 /* profile.plist */; };
		2FE2748023F2F49A00AB2412 /* TencentOpenAPI.framework in Frameworks */ = {isa = PBXBuildFile; fileRef = 2FE2747F23F2F49A00AB2412 /* TencentOpenAPI.framework */; };
		2FE2748223F2F4A800AB2412 /* SystemConfiguration.framework in Frameworks */ = {isa = PBXBuildFile; fileRef = 2FE2748123F2F4A800AB2412 /* SystemConfiguration.framework */; };
		2FE2748723F30DA300AB2412 /* TencentOpenApi_IOS_Bundle.bundle in Resources */ = {isa = PBXBuildFile; fileRef = 2FE2748623F30DA300AB2412 /* TencentOpenApi_IOS_Bundle.bundle */; };
		2FE2748D23F30F8B00AB2412 /* Security.framework in Frameworks */ = {isa = PBXBuildFile; fileRef = 2FE2748C23F30F8B00AB2412 /* Security.framework */; };
		2FE2748F23F30F9600AB2412 /* CoreGraphics.framework in Frameworks */ = {isa = PBXBuildFile; fileRef = 2FE2748E23F30F9600AB2412 /* CoreGraphics.framework */; };
		2FE2749123F30F9F00AB2412 /* CoreTelephony.framework in Frameworks */ = {isa = PBXBuildFile; fileRef = 2FE2749023F30F9F00AB2412 /* CoreTelephony.framework */; };
		2FE2749323F30FB500AB2412 /* libiconv.tbd in Frameworks */ = {isa = PBXBuildFile; fileRef = 2FE2749223F30FB500AB2412 /* libiconv.tbd */; };
		2FE2749523F30FC400AB2412 /* libsqlite3.tbd in Frameworks */ = {isa = PBXBuildFile; fileRef = 2FE2749423F30FC400AB2412 /* libsqlite3.tbd */; };
		2FE2749723F30FD900AB2412 /* libc++.tbd in Frameworks */ = {isa = PBXBuildFile; fileRef = 2FE2749623F30FD900AB2412 /* libc++.tbd */; };
		2FE2749923F30FDF00AB2412 /* libz.tbd in Frameworks */ = {isa = PBXBuildFile; fileRef = 2FE2749823F30FDF00AB2412 /* libz.tbd */; };
		2FE62EB123EAC92E0089165E /* AppDelegate.swift in Sources */ = {isa = PBXBuildFile; fileRef = 2FE62EB023EAC92E0089165E /* AppDelegate.swift */; };
		2FE62EBA23EAC92F0089165E /* Assets.xcassets in Resources */ = {isa = PBXBuildFile; fileRef = 2FE62EB923EAC92F0089165E /* Assets.xcassets */; };
		2FE62EBD23EAC92F0089165E /* LaunchScreen.storyboard in Resources */ = {isa = PBXBuildFile; fileRef = 2FE62EBB23EAC92F0089165E /* LaunchScreen.storyboard */; };
		2FE62EC823EAC92F0089165E /* TRIFLETests.swift in Sources */ = {isa = PBXBuildFile; fileRef = 2FE62EC723EAC92F0089165E /* TRIFLETests.swift */; };
		2FE62ED323EAC92F0089165E /* TRIFLEUITests.swift in Sources */ = {isa = PBXBuildFile; fileRef = 2FE62ED223EAC92F0089165E /* TRIFLEUITests.swift */; };
		2FEBA95323F057FD00BA14EE /* TRTabBarController.swift in Sources */ = {isa = PBXBuildFile; fileRef = 2FEBA95223F057FD00BA14EE /* TRTabBarController.swift */; };
		2FEBA95523F058C300BA14EE /* TRHomeViewController.swift in Sources */ = {isa = PBXBuildFile; fileRef = 2FEBA95423F058C300BA14EE /* TRHomeViewController.swift */; };
		2FEBA95723F0596F00BA14EE /* TRVideoViewController.swift in Sources */ = {isa = PBXBuildFile; fileRef = 2FEBA95623F0596F00BA14EE /* TRVideoViewController.swift */; };
		2FEBA95923F059AA00BA14EE /* TRCommunicateViewController.swift in Sources */ = {isa = PBXBuildFile; fileRef = 2FEBA95823F059AA00BA14EE /* TRCommunicateViewController.swift */; };
		2FEBA95B23F059F100BA14EE /* TRProfileViewController.swift in Sources */ = {isa = PBXBuildFile; fileRef = 2FEBA95A23F059F100BA14EE /* TRProfileViewController.swift */; };
		2FEBA95D23F05BED00BA14EE /* TRPublishViewController.swift in Sources */ = {isa = PBXBuildFile; fileRef = 2FEBA95C23F05BED00BA14EE /* TRPublishViewController.swift */; };
		2FF1BADB23F1B3D700468B7D /* UIImage-Extension.swift in Sources */ = {isa = PBXBuildFile; fileRef = 2FF1BADA23F1B3D700468B7D /* UIImage-Extension.swift */; };
		3A0D79E19E342EDB8CB5E38F /* Pods_TRIFLETests.framework in Frameworks */ = {isa = PBXBuildFile; fileRef = 247463F3BE9682B41348DA29 /* Pods_TRIFLETests.framework */; };
		FDAB4D1E2E37243961875577 /* Pods_TRIFLE.framework in Frameworks */ = {isa = PBXBuildFile; fileRef = AB0CDA7EBBFCED3F44994F1C /* Pods_TRIFLE.framework */; };
/* End PBXBuildFile section */

/* Begin PBXContainerItemProxy section */
		2FE62EC423EAC92F0089165E /* PBXContainerItemProxy */ = {
			isa = PBXContainerItemProxy;
			containerPortal = 2FE62EA523EAC92E0089165E /* Project object */;
			proxyType = 1;
			remoteGlobalIDString = 2FE62EAC23EAC92E0089165E;
			remoteInfo = TRIFLE;
		};
		2FE62ECF23EAC92F0089165E /* PBXContainerItemProxy */ = {
			isa = PBXContainerItemProxy;
			containerPortal = 2FE62EA523EAC92E0089165E /* Project object */;
			proxyType = 1;
			remoteGlobalIDString = 2FE62EAC23EAC92E0089165E;
			remoteInfo = TRIFLE;
		};
/* End PBXContainerItemProxy section */

/* Begin PBXFileReference section */
		07811A9D8D07955F1C5FC7BD /* Pods-TRIFLE.release.xcconfig */ = {isa = PBXFileReference; includeInIndex = 1; lastKnownFileType = text.xcconfig; name = "Pods-TRIFLE.release.xcconfig"; path = "Target Support Files/Pods-TRIFLE/Pods-TRIFLE.release.xcconfig"; sourceTree = "<group>"; };
		0AEB01FDC1FC133F344005D3 /* Pods-TRIFLE-TRIFLEUITests.release.xcconfig */ = {isa = PBXFileReference; includeInIndex = 1; lastKnownFileType = text.xcconfig; name = "Pods-TRIFLE-TRIFLEUITests.release.xcconfig"; path = "Target Support Files/Pods-TRIFLE-TRIFLEUITests/Pods-TRIFLE-TRIFLEUITests.release.xcconfig"; sourceTree = "<group>"; };
		247463F3BE9682B41348DA29 /* Pods_TRIFLETests.framework */ = {isa = PBXFileReference; explicitFileType = wrapper.framework; includeInIndex = 0; path = Pods_TRIFLETests.framework; sourceTree = BUILT_PRODUCTS_DIR; };
		2F1A5E5923F1C2C600D409A8 /* UISegmentedControl-Extension.swift */ = {isa = PBXFileReference; lastKnownFileType = sourcecode.swift; path = "UISegmentedControl-Extension.swift"; sourceTree = "<group>"; };
		2F1A5E5B23F1C94E00D409A8 /* TRRecommendViewController.swift */ = {isa = PBXFileReference; lastKnownFileType = sourcecode.swift; path = TRRecommendViewController.swift; sourceTree = "<group>"; };
		2F1A5E5D23F1C97D00D409A8 /* TREttentionViewController.swift */ = {isa = PBXFileReference; lastKnownFileType = sourcecode.swift; path = TREttentionViewController.swift; sourceTree = "<group>"; };
		2F1A5E5F23F1DA1F00D409A8 /* TRLoginView.swift */ = {isa = PBXFileReference; lastKnownFileType = sourcecode.swift; path = TRLoginView.swift; sourceTree = "<group>"; };
		2F1A5E6123F1DEDA00D409A8 /* profile.plist */ = {isa = PBXFileReference; lastKnownFileType = text.plist.xml; path = profile.plist; sourceTree = "<group>"; };
		2F775C1A8B63CE1BA739C37D /* Pods-TRIFLE-TRIFLEUITests.debug.xcconfig */ = {isa = PBXFileReference; includeInIndex = 1; lastKnownFileType = text.xcconfig; name = "Pods-TRIFLE-TRIFLEUITests.debug.xcconfig"; path = "Target Support Files/Pods-TRIFLE-TRIFLEUITests/Pods-TRIFLE-TRIFLEUITests.debug.xcconfig"; sourceTree = "<group>"; };
		2FE2747F23F2F49A00AB2412 /* TencentOpenAPI.framework */ = {isa = PBXFileReference; lastKnownFileType = wrapper.framework; path = TencentOpenAPI.framework; sourceTree = "<group>"; };
		2FE2748123F2F4A800AB2412 /* SystemConfiguration.framework */ = {isa = PBXFileReference; lastKnownFileType = wrapper.framework; name = SystemConfiguration.framework; path = System/Library/Frameworks/SystemConfiguration.framework; sourceTree = SDKROOT; };
		2FE2748623F30DA300AB2412 /* TencentOpenApi_IOS_Bundle.bundle */ = {isa = PBXFileReference; lastKnownFileType = "wrapper.plug-in"; path = TencentOpenApi_IOS_Bundle.bundle; sourceTree = "<group>"; };
		2FE2748C23F30F8B00AB2412 /* Security.framework */ = {isa = PBXFileReference; lastKnownFileType = wrapper.framework; name = Security.framework; path = System/Library/Frameworks/Security.framework; sourceTree = SDKROOT; };
		2FE2748E23F30F9600AB2412 /* CoreGraphics.framework */ = {isa = PBXFileReference; lastKnownFileType = wrapper.framework; name = CoreGraphics.framework; path = System/Library/Frameworks/CoreGraphics.framework; sourceTree = SDKROOT; };
		2FE2749023F30F9F00AB2412 /* CoreTelephony.framework */ = {isa = PBXFileReference; lastKnownFileType = wrapper.framework; name = CoreTelephony.framework; path = System/Library/Frameworks/CoreTelephony.framework; sourceTree = SDKROOT; };
		2FE2749223F30FB500AB2412 /* libiconv.tbd */ = {isa = PBXFileReference; lastKnownFileType = "sourcecode.text-based-dylib-definition"; name = libiconv.tbd; path = usr/lib/libiconv.tbd; sourceTree = SDKROOT; };
		2FE2749423F30FC400AB2412 /* libsqlite3.tbd */ = {isa = PBXFileReference; lastKnownFileType = "sourcecode.text-based-dylib-definition"; name = libsqlite3.tbd; path = usr/lib/libsqlite3.tbd; sourceTree = SDKROOT; };
		2FE2749623F30FD900AB2412 /* libc++.tbd */ = {isa = PBXFileReference; lastKnownFileType = "sourcecode.text-based-dylib-definition"; name = "libc++.tbd"; path = "usr/lib/libc++.tbd"; sourceTree = SDKROOT; };
		2FE2749823F30FDF00AB2412 /* libz.tbd */ = {isa = PBXFileReference; lastKnownFileType = "sourcecode.text-based-dylib-definition"; name = libz.tbd; path = usr/lib/libz.tbd; sourceTree = SDKROOT; };
		2FE2749A23F3112200AB2412 /* TRIFLE-Bridging-Header.h */ = {isa = PBXFileReference; lastKnownFileType = sourcecode.c.h; path = "TRIFLE-Bridging-Header.h"; sourceTree = "<group>"; };
		2FE62EAD23EAC92E0089165E /* TRIFLE.app */ = {isa = PBXFileReference; explicitFileType = wrapper.application; includeInIndex = 0; path = TRIFLE.app; sourceTree = BUILT_PRODUCTS_DIR; };
		2FE62EB023EAC92E0089165E /* AppDelegate.swift */ = {isa = PBXFileReference; lastKnownFileType = sourcecode.swift; path = AppDelegate.swift; sourceTree = "<group>"; };
		2FE62EB923EAC92F0089165E /* Assets.xcassets */ = {isa = PBXFileReference; lastKnownFileType = folder.assetcatalog; path = Assets.xcassets; sourceTree = "<group>"; };
		2FE62EBC23EAC92F0089165E /* Base */ = {isa = PBXFileReference; lastKnownFileType = file.storyboard; name = Base; path = Base.lproj/LaunchScreen.storyboard; sourceTree = "<group>"; };
		2FE62EBE23EAC92F0089165E /* Info.plist */ = {isa = PBXFileReference; lastKnownFileType = text.plist.xml; path = Info.plist; sourceTree = "<group>"; };
		2FE62EC323EAC92F0089165E /* TRIFLETests.xctest */ = {isa = PBXFileReference; explicitFileType = wrapper.cfbundle; includeInIndex = 0; path = TRIFLETests.xctest; sourceTree = BUILT_PRODUCTS_DIR; };
		2FE62EC723EAC92F0089165E /* TRIFLETests.swift */ = {isa = PBXFileReference; lastKnownFileType = sourcecode.swift; path = TRIFLETests.swift; sourceTree = "<group>"; };
		2FE62EC923EAC92F0089165E /* Info.plist */ = {isa = PBXFileReference; lastKnownFileType = text.plist.xml; path = Info.plist; sourceTree = "<group>"; };
		2FE62ECE23EAC92F0089165E /* TRIFLEUITests.xctest */ = {isa = PBXFileReference; explicitFileType = wrapper.cfbundle; includeInIndex = 0; path = TRIFLEUITests.xctest; sourceTree = BUILT_PRODUCTS_DIR; };
		2FE62ED223EAC92F0089165E /* TRIFLEUITests.swift */ = {isa = PBXFileReference; lastKnownFileType = sourcecode.swift; path = TRIFLEUITests.swift; sourceTree = "<group>"; };
		2FE62ED423EAC92F0089165E /* Info.plist */ = {isa = PBXFileReference; lastKnownFileType = text.plist.xml; path = Info.plist; sourceTree = "<group>"; };
		2FEBA95223F057FD00BA14EE /* TRTabBarController.swift */ = {isa = PBXFileReference; lastKnownFileType = sourcecode.swift; path = TRTabBarController.swift; sourceTree = "<group>"; };
		2FEBA95423F058C300BA14EE /* TRHomeViewController.swift */ = {isa = PBXFileReference; lastKnownFileType = sourcecode.swift; name = TRHomeViewController.swift; path = ../TRHomeViewController.swift; sourceTree = "<group>"; };
		2FEBA95623F0596F00BA14EE /* TRVideoViewController.swift */ = {isa = PBXFileReference; lastKnownFileType = sourcecode.swift; path = TRVideoViewController.swift; sourceTree = "<group>"; };
		2FEBA95823F059AA00BA14EE /* TRCommunicateViewController.swift */ = {isa = PBXFileReference; lastKnownFileType = sourcecode.swift; path = TRCommunicateViewController.swift; sourceTree = "<group>"; };
		2FEBA95A23F059F100BA14EE /* TRProfileViewController.swift */ = {isa = PBXFileReference; lastKnownFileType = sourcecode.swift; name = TRProfileViewController.swift; path = ../TRProfileViewController.swift; sourceTree = "<group>"; };
		2FEBA95C23F05BED00BA14EE /* TRPublishViewController.swift */ = {isa = PBXFileReference; lastKnownFileType = sourcecode.swift; path = TRPublishViewController.swift; sourceTree = "<group>"; };
		2FF1BADA23F1B3D700468B7D /* UIImage-Extension.swift */ = {isa = PBXFileReference; lastKnownFileType = sourcecode.swift; path = "UIImage-Extension.swift"; sourceTree = "<group>"; };
		3E63C637086E7B3E2C9DF842 /* Pods-TRIFLETests.release.xcconfig */ = {isa = PBXFileReference; includeInIndex = 1; lastKnownFileType = text.xcconfig; name = "Pods-TRIFLETests.release.xcconfig"; path = "Target Support Files/Pods-TRIFLETests/Pods-TRIFLETests.release.xcconfig"; sourceTree = "<group>"; };
		9CE3571389123F9BCC447375 /* Pods-TRIFLETests.debug.xcconfig */ = {isa = PBXFileReference; includeInIndex = 1; lastKnownFileType = text.xcconfig; name = "Pods-TRIFLETests.debug.xcconfig"; path = "Target Support Files/Pods-TRIFLETests/Pods-TRIFLETests.debug.xcconfig"; sourceTree = "<group>"; };
		AB0CDA7EBBFCED3F44994F1C /* Pods_TRIFLE.framework */ = {isa = PBXFileReference; explicitFileType = wrapper.framework; includeInIndex = 0; path = Pods_TRIFLE.framework; sourceTree = BUILT_PRODUCTS_DIR; };
		C46E06868F63F52EAEB7A679 /* Pods_TRIFLE_TRIFLEUITests.framework */ = {isa = PBXFileReference; explicitFileType = wrapper.framework; includeInIndex = 0; path = Pods_TRIFLE_TRIFLEUITests.framework; sourceTree = BUILT_PRODUCTS_DIR; };
		D678978D3EA8328937F1E6A9 /* Pods-TRIFLE.debug.xcconfig */ = {isa = PBXFileReference; includeInIndex = 1; lastKnownFileType = text.xcconfig; name = "Pods-TRIFLE.debug.xcconfig"; path = "Target Support Files/Pods-TRIFLE/Pods-TRIFLE.debug.xcconfig"; sourceTree = "<group>"; };
/* End PBXFileReference section */

/* Begin PBXFrameworksBuildPhase section */
		2FE62EAA23EAC92E0089165E /* Frameworks */ = {
			isa = PBXFrameworksBuildPhase;
			buildActionMask = 2147483647;
			files = (
				2FE2749923F30FDF00AB2412 /* libz.tbd in Frameworks */,
				2FE2749723F30FD900AB2412 /* libc++.tbd in Frameworks */,
				2FE2749523F30FC400AB2412 /* libsqlite3.tbd in Frameworks */,
				2FE2749323F30FB500AB2412 /* libiconv.tbd in Frameworks */,
				2FE2749123F30F9F00AB2412 /* CoreTelephony.framework in Frameworks */,
				2FE2748F23F30F9600AB2412 /* CoreGraphics.framework in Frameworks */,
				2FE2748D23F30F8B00AB2412 /* Security.framework in Frameworks */,
				2FE2748223F2F4A800AB2412 /* SystemConfiguration.framework in Frameworks */,
				FDAB4D1E2E37243961875577 /* Pods_TRIFLE.framework in Frameworks */,
				2FE2748023F2F49A00AB2412 /* TencentOpenAPI.framework in Frameworks */,
			);
			runOnlyForDeploymentPostprocessing = 0;
		};
		2FE62EC023EAC92F0089165E /* Frameworks */ = {
			isa = PBXFrameworksBuildPhase;
			buildActionMask = 2147483647;
			files = (
				3A0D79E19E342EDB8CB5E38F /* Pods_TRIFLETests.framework in Frameworks */,
			);
			runOnlyForDeploymentPostprocessing = 0;
		};
		2FE62ECB23EAC92F0089165E /* Frameworks */ = {
			isa = PBXFrameworksBuildPhase;
			buildActionMask = 2147483647;
			files = (
				21CB6E4FB2113933E6AAC69C /* Pods_TRIFLE_TRIFLEUITests.framework in Frameworks */,
			);
			runOnlyForDeploymentPostprocessing = 0;
		};
/* End PBXFrameworksBuildPhase section */

/* Begin PBXGroup section */
		2FE62EA423EAC92E0089165E = {
			isa = PBXGroup;
			children = (
				2FE62EAF23EAC92E0089165E /* TRIFLE */,
				2FE62EC623EAC92F0089165E /* TRIFLETests */,
				2FE62ED123EAC92F0089165E /* TRIFLEUITests */,
				2FE62EAE23EAC92E0089165E /* Products */,
				C1683C1A8D440A9B5EF0B3B4 /* Pods */,
				5FA1B803372169AC41F4FDCD /* Frameworks */,
			);
			sourceTree = "<group>";
		};
		2FE62EAE23EAC92E0089165E /* Products */ = {
			isa = PBXGroup;
			children = (
				2FE62EAD23EAC92E0089165E /* TRIFLE.app */,
				2FE62EC323EAC92F0089165E /* TRIFLETests.xctest */,
				2FE62ECE23EAC92F0089165E /* TRIFLEUITests.xctest */,
			);
			name = Products;
			sourceTree = "<group>";
		};
		2FE62EAF23EAC92E0089165E /* TRIFLE */ = {
			isa = PBXGroup;
			children = (
				2FE2749A23F3112200AB2412 /* TRIFLE-Bridging-Header.h */,
				2FE2748623F30DA300AB2412 /* TencentOpenApi_IOS_Bundle.bundle */,
				2FE2747F23F2F49A00AB2412 /* TencentOpenAPI.framework */,
				2FE6F20E23F05462000E03C5 /* Classes */,
				2FE6F20F23F0546C000E03C5 /* Resouce */,
			);
			path = TRIFLE;
			sourceTree = "<group>";
		};
		2FE62EC623EAC92F0089165E /* TRIFLETests */ = {
			isa = PBXGroup;
			children = (
				2FE62EC723EAC92F0089165E /* TRIFLETests.swift */,
				2FE62EC923EAC92F0089165E /* Info.plist */,
			);
			path = TRIFLETests;
			sourceTree = "<group>";
		};
		2FE62ED123EAC92F0089165E /* TRIFLEUITests */ = {
			isa = PBXGroup;
			children = (
				2FE62ED223EAC92F0089165E /* TRIFLEUITests.swift */,
				2FE62ED423EAC92F0089165E /* Info.plist */,
			);
			path = TRIFLEUITests;
			sourceTree = "<group>";
		};
		2FE6F20E23F05462000E03C5 /* Classes */ = {
			isa = PBXGroup;
			children = (
				2FE62EB023EAC92E0089165E /* AppDelegate.swift */,
				2FEBA95223F057FD00BA14EE /* TRTabBarController.swift */,
				2FEBA96223F05D2E00BA14EE /* Home */,
				2FEBA96123F05D2900BA14EE /* Video */,
				2FEBA96023F05D2300BA14EE /* Publish */,
				2FEBA95F23F05D1C00BA14EE /* Communication */,
				2FEBA95E23F05D0F00BA14EE /* Profile */,
			);
			path = Classes;
			sourceTree = "<group>";
		};
		2FE6F20F23F0546C000E03C5 /* Resouce */ = {
			isa = PBXGroup;
			children = (
				2FE6F21123F05507000E03C5 /* System */,
				2FE6F21023F054FD000E03C5 /* Other */,
			);
			path = Resouce;
			sourceTree = "<group>";
		};
		2FE6F21023F054FD000E03C5 /* Other */ = {
			isa = PBXGroup;
			children = (
				2FF1BADA23F1B3D700468B7D /* UIImage-Extension.swift */,
				2F1A5E5923F1C2C600D409A8 /* UISegmentedControl-Extension.swift */,
			);
			path = Other;
			sourceTree = "<group>";
		};
		2FE6F21123F05507000E03C5 /* System */ = {
			isa = PBXGroup;
			children = (
				2FE62EBB23EAC92F0089165E /* LaunchScreen.storyboard */,
				2FE62EB923EAC92F0089165E /* Assets.xcassets */,
				2FE62EBE23EAC92F0089165E /* Info.plist */,
			);
			path = System;
			sourceTree = "<group>";
		};
		2FEBA95E23F05D0F00BA14EE /* Profile */ = {
			isa = PBXGroup;
			children = (
				2FEBA97123F05DDB00BA14EE /* Controller */,
				2FEBA96F23F05DDB00BA14EE /* Model */,
				2FEBA97023F05DDB00BA14EE /* View */,
			);
			path = Profile;
			sourceTree = "<group>";
		};
		2FEBA95F23F05D1C00BA14EE /* Communication */ = {
			isa = PBXGroup;
			children = (
				2FEBA96D23F05DCE00BA14EE /* Controller */,
				2FEBA96C23F05DCE00BA14EE /* Model */,
				2FEBA96E23F05DCF00BA14EE /* View */,
			);
			path = Communication;
			sourceTree = "<group>";
		};
		2FEBA96023F05D2300BA14EE /* Publish */ = {
			isa = PBXGroup;
			children = (
				2FEBA96B23F05DC100BA14EE /* Controller */,
				2FEBA96A23F05DC100BA14EE /* Model */,
				2FEBA96923F05DC100BA14EE /* View */,
			);
			path = Publish;
			sourceTree = "<group>";
		};
		2FEBA96123F05D2900BA14EE /* Video */ = {
			isa = PBXGroup;
			children = (
				2FEBA96623F05DB700BA14EE /* Controller */,
				2FEBA96723F05DB700BA14EE /* Model */,
				2FEBA96823F05DB700BA14EE /* View */,
			);
			path = Video;
			sourceTree = "<group>";
		};
		2FEBA96223F05D2E00BA14EE /* Home */ = {
			isa = PBXGroup;
			children = (
				2FEBA96323F05DA900BA14EE /* Controller */,
				2FEBA96423F05DA900BA14EE /* Model */,
				2FEBA96523F05DA900BA14EE /* View */,
			);
			path = Home;
			sourceTree = "<group>";
		};
		2FEBA96323F05DA900BA14EE /* Controller */ = {
			isa = PBXGroup;
			children = (
				2FEBA95423F058C300BA14EE /* TRHomeViewController.swift */,
				2F1A5E5B23F1C94E00D409A8 /* TRRecommendViewController.swift */,
				2F1A5E5D23F1C97D00D409A8 /* TREttentionViewController.swift */,
			);
			path = Controller;
			sourceTree = "<group>";
		};
		2FEBA96423F05DA900BA14EE /* Model */ = {
			isa = PBXGroup;
			children = (
			);
			path = Model;
			sourceTree = "<group>";
		};
		2FEBA96523F05DA900BA14EE /* View */ = {
			isa = PBXGroup;
			children = (
			);
			path = View;
			sourceTree = "<group>";
		};
		2FEBA96623F05DB700BA14EE /* Controller */ = {
			isa = PBXGroup;
			children = (
				2FEBA95623F0596F00BA14EE /* TRVideoViewController.swift */,
			);
			path = Controller;
			sourceTree = "<group>";
		};
		2FEBA96723F05DB700BA14EE /* Model */ = {
			isa = PBXGroup;
			children = (
			);
			path = Model;
			sourceTree = "<group>";
		};
		2FEBA96823F05DB700BA14EE /* View */ = {
			isa = PBXGroup;
			children = (
			);
			path = View;
			sourceTree = "<group>";
		};
		2FEBA96923F05DC100BA14EE /* View */ = {
			isa = PBXGroup;
			children = (
			);
			path = View;
			sourceTree = "<group>";
		};
		2FEBA96A23F05DC100BA14EE /* Model */ = {
			isa = PBXGroup;
			children = (
			);
			path = Model;
			sourceTree = "<group>";
		};
		2FEBA96B23F05DC100BA14EE /* Controller */ = {
			isa = PBXGroup;
			children = (
				2FEBA95C23F05BED00BA14EE /* TRPublishViewController.swift */,
			);
			path = Controller;
			sourceTree = "<group>";
		};
		2FEBA96C23F05DCE00BA14EE /* Model */ = {
			isa = PBXGroup;
			children = (
			);
			path = Model;
			sourceTree = "<group>";
		};
		2FEBA96D23F05DCE00BA14EE /* Controller */ = {
			isa = PBXGroup;
			children = (
				2FEBA95823F059AA00BA14EE /* TRCommunicateViewController.swift */,
			);
			path = Controller;
			sourceTree = "<group>";
		};
		2FEBA96E23F05DCF00BA14EE /* View */ = {
			isa = PBXGroup;
			children = (
			);
			path = View;
			sourceTree = "<group>";
		};
		2FEBA96F23F05DDB00BA14EE /* Model */ = {
			isa = PBXGroup;
			children = (
				2F1A5E6123F1DEDA00D409A8 /* profile.plist */,
			);
			path = Model;
			sourceTree = "<group>";
		};
		2FEBA97023F05DDB00BA14EE /* View */ = {
			isa = PBXGroup;
			children = (
				2F1A5E5F23F1DA1F00D409A8 /* TRLoginView.swift */,
			);
			path = View;
			sourceTree = "<group>";
		};
		2FEBA97123F05DDB00BA14EE /* Controller */ = {
			isa = PBXGroup;
			children = (
				2FEBA95A23F059F100BA14EE /* TRProfileViewController.swift */,
			);
			path = Controller;
			sourceTree = "<group>";
		};
		5FA1B803372169AC41F4FDCD /* Frameworks */ = {
			isa = PBXGroup;
			children = (
				2FE2749823F30FDF00AB2412 /* libz.tbd */,
				2FE2749623F30FD900AB2412 /* libc++.tbd */,
				2FE2749423F30FC400AB2412 /* libsqlite3.tbd */,
				2FE2749223F30FB500AB2412 /* libiconv.tbd */,
				2FE2749023F30F9F00AB2412 /* CoreTelephony.framework */,
				2FE2748E23F30F9600AB2412 /* CoreGraphics.framework */,
				2FE2748C23F30F8B00AB2412 /* Security.framework */,
				2FE2748123F2F4A800AB2412 /* SystemConfiguration.framework */,
				AB0CDA7EBBFCED3F44994F1C /* Pods_TRIFLE.framework */,
				C46E06868F63F52EAEB7A679 /* Pods_TRIFLE_TRIFLEUITests.framework */,
				247463F3BE9682B41348DA29 /* Pods_TRIFLETests.framework */,
			);
			name = Frameworks;
			sourceTree = "<group>";
		};
		C1683C1A8D440A9B5EF0B3B4 /* Pods */ = {
			isa = PBXGroup;
			children = (
				D678978D3EA8328937F1E6A9 /* Pods-TRIFLE.debug.xcconfig */,
				07811A9D8D07955F1C5FC7BD /* Pods-TRIFLE.release.xcconfig */,
				2F775C1A8B63CE1BA739C37D /* Pods-TRIFLE-TRIFLEUITests.debug.xcconfig */,
				0AEB01FDC1FC133F344005D3 /* Pods-TRIFLE-TRIFLEUITests.release.xcconfig */,
				9CE3571389123F9BCC447375 /* Pods-TRIFLETests.debug.xcconfig */,
				3E63C637086E7B3E2C9DF842 /* Pods-TRIFLETests.release.xcconfig */,
			);
			path = Pods;
			sourceTree = "<group>";
		};
/* End PBXGroup section */

/* Begin PBXNativeTarget section */
		2FE62EAC23EAC92E0089165E /* TRIFLE */ = {
			isa = PBXNativeTarget;
			buildConfigurationList = 2FE62ED723EAC92F0089165E /* Build configuration list for PBXNativeTarget "TRIFLE" */;
			buildPhases = (
				512A1785F2D8AD56B34B59D0 /* [CP] Check Pods Manifest.lock */,
				2FE62EA923EAC92E0089165E /* Sources */,
				2FE62EAA23EAC92E0089165E /* Frameworks */,
				2FE62EAB23EAC92E0089165E /* Resources */,
				DECA01F40341ECAC5F5F2045 /* [CP] Embed Pods Frameworks */,
			);
			buildRules = (
			);
			dependencies = (
			);
			name = TRIFLE;
			productName = TRIFLE;
			productReference = 2FE62EAD23EAC92E0089165E /* TRIFLE.app */;
			productType = "com.apple.product-type.application";
		};
		2FE62EC223EAC92F0089165E /* TRIFLETests */ = {
			isa = PBXNativeTarget;
			buildConfigurationList = 2FE62EDA23EAC92F0089165E /* Build configuration list for PBXNativeTarget "TRIFLETests" */;
			buildPhases = (
				9105809491291E75CE0B014A /* [CP] Check Pods Manifest.lock */,
				2FE62EBF23EAC92F0089165E /* Sources */,
				2FE62EC023EAC92F0089165E /* Frameworks */,
				2FE62EC123EAC92F0089165E /* Resources */,
			);
			buildRules = (
			);
			dependencies = (
				2FE62EC523EAC92F0089165E /* PBXTargetDependency */,
			);
			name = TRIFLETests;
			productName = TRIFLETests;
			productReference = 2FE62EC323EAC92F0089165E /* TRIFLETests.xctest */;
			productType = "com.apple.product-type.bundle.unit-test";
		};
		2FE62ECD23EAC92F0089165E /* TRIFLEUITests */ = {
			isa = PBXNativeTarget;
			buildConfigurationList = 2FE62EDD23EAC92F0089165E /* Build configuration list for PBXNativeTarget "TRIFLEUITests" */;
			buildPhases = (
				0C850D3F2F627EE413562CD0 /* [CP] Check Pods Manifest.lock */,
				2FE62ECA23EAC92F0089165E /* Sources */,
				2FE62ECB23EAC92F0089165E /* Frameworks */,
				2FE62ECC23EAC92F0089165E /* Resources */,
				0EADAB4F0250685C97CCEFF1 /* [CP] Embed Pods Frameworks */,
			);
			buildRules = (
			);
			dependencies = (
				2FE62ED023EAC92F0089165E /* PBXTargetDependency */,
			);
			name = TRIFLEUITests;
			productName = TRIFLEUITests;
			productReference = 2FE62ECE23EAC92F0089165E /* TRIFLEUITests.xctest */;
			productType = "com.apple.product-type.bundle.ui-testing";
		};
/* End PBXNativeTarget section */

/* Begin PBXProject section */
		2FE62EA523EAC92E0089165E /* Project object */ = {
			isa = PBXProject;
			attributes = {
				LastSwiftUpdateCheck = 1130;
				LastUpgradeCheck = 1130;
				ORGANIZATIONNAME = Yang;
				TargetAttributes = {
					2FE62EAC23EAC92E0089165E = {
						CreatedOnToolsVersion = 11.3.1;
					};
					2FE62EC223EAC92F0089165E = {
						CreatedOnToolsVersion = 11.3.1;
						TestTargetID = 2FE62EAC23EAC92E0089165E;
					};
					2FE62ECD23EAC92F0089165E = {
						CreatedOnToolsVersion = 11.3.1;
						TestTargetID = 2FE62EAC23EAC92E0089165E;
					};
				};
			};
			buildConfigurationList = 2FE62EA823EAC92E0089165E /* Build configuration list for PBXProject "TRIFLE" */;
			compatibilityVersion = "Xcode 9.3";
			developmentRegion = en;
			hasScannedForEncodings = 0;
			knownRegions = (
				en,
				Base,
			);
			mainGroup = 2FE62EA423EAC92E0089165E;
			productRefGroup = 2FE62EAE23EAC92E0089165E /* Products */;
			projectDirPath = "";
			projectRoot = "";
			targets = (
				2FE62EAC23EAC92E0089165E /* TRIFLE */,
				2FE62EC223EAC92F0089165E /* TRIFLETests */,
				2FE62ECD23EAC92F0089165E /* TRIFLEUITests */,
			);
		};
/* End PBXProject section */

/* Begin PBXResourcesBuildPhase section */
		2FE62EAB23EAC92E0089165E /* Resources */ = {
			isa = PBXResourcesBuildPhase;
			buildActionMask = 2147483647;
			files = (
				2FE2748723F30DA300AB2412 /* TencentOpenApi_IOS_Bundle.bundle in Resources */,
				2F1A5E6223F1DEDA00D409A8 /* profile.plist in Resources */,
				2FE62EBD23EAC92F0089165E /* LaunchScreen.storyboard in Resources */,
				2FE62EBA23EAC92F0089165E /* Assets.xcassets in Resources */,
			);
			runOnlyForDeploymentPostprocessing = 0;
		};
		2FE62EC123EAC92F0089165E /* Resources */ = {
			isa = PBXResourcesBuildPhase;
			buildActionMask = 2147483647;
			files = (
			);
			runOnlyForDeploymentPostprocessing = 0;
		};
		2FE62ECC23EAC92F0089165E /* Resources */ = {
			isa = PBXResourcesBuildPhase;
			buildActionMask = 2147483647;
			files = (
			);
			runOnlyForDeploymentPostprocessing = 0;
		};
/* End PBXResourcesBuildPhase section */

/* Begin PBXShellScriptBuildPhase section */
		0C850D3F2F627EE413562CD0 /* [CP] Check Pods Manifest.lock */ = {
			isa = PBXShellScriptBuildPhase;
			buildActionMask = 2147483647;
			files = (
			);
			inputFileListPaths = (
			);
			inputPaths = (
				"${PODS_PODFILE_DIR_PATH}/Podfile.lock",
				"${PODS_ROOT}/Manifest.lock",
			);
			name = "[CP] Check Pods Manifest.lock";
			outputFileListPaths = (
			);
			outputPaths = (
				"$(DERIVED_FILE_DIR)/Pods-TRIFLE-TRIFLEUITests-checkManifestLockResult.txt",
			);
			runOnlyForDeploymentPostprocessing = 0;
			shellPath = /bin/sh;
			shellScript = "diff \"${PODS_PODFILE_DIR_PATH}/Podfile.lock\" \"${PODS_ROOT}/Manifest.lock\" > /dev/null\nif [ $? != 0 ] ; then\n    # print error to STDERR\n    echo \"error: The sandbox is not in sync with the Podfile.lock. Run 'pod install' or update your CocoaPods installation.\" >&2\n    exit 1\nfi\n# This output is used by Xcode 'outputs' to avoid re-running this script phase.\necho \"SUCCESS\" > \"${SCRIPT_OUTPUT_FILE_0}\"\n";
			showEnvVarsInLog = 0;
		};
		0EADAB4F0250685C97CCEFF1 /* [CP] Embed Pods Frameworks */ = {
			isa = PBXShellScriptBuildPhase;
			buildActionMask = 2147483647;
			files = (
			);
			inputFileListPaths = (
				"${PODS_ROOT}/Target Support Files/Pods-TRIFLE-TRIFLEUITests/Pods-TRIFLE-TRIFLEUITests-frameworks-${CONFIGURATION}-input-files.xcfilelist",
			);
			name = "[CP] Embed Pods Frameworks";
			outputFileListPaths = (
				"${PODS_ROOT}/Target Support Files/Pods-TRIFLE-TRIFLEUITests/Pods-TRIFLE-TRIFLEUITests-frameworks-${CONFIGURATION}-output-files.xcfilelist",
			);
			runOnlyForDeploymentPostprocessing = 0;
			shellPath = /bin/sh;
			shellScript = "\"${PODS_ROOT}/Target Support Files/Pods-TRIFLE-TRIFLEUITests/Pods-TRIFLE-TRIFLEUITests-frameworks.sh\"\n";
			showEnvVarsInLog = 0;
		};
		512A1785F2D8AD56B34B59D0 /* [CP] Check Pods Manifest.lock */ = {
			isa = PBXShellScriptBuildPhase;
			buildActionMask = 2147483647;
			files = (
			);
			inputFileListPaths = (
			);
			inputPaths = (
				"${PODS_PODFILE_DIR_PATH}/Podfile.lock",
				"${PODS_ROOT}/Manifest.lock",
			);
			name = "[CP] Check Pods Manifest.lock";
			outputFileListPaths = (
			);
			outputPaths = (
				"$(DERIVED_FILE_DIR)/Pods-TRIFLE-checkManifestLockResult.txt",
			);
			runOnlyForDeploymentPostprocessing = 0;
			shellPath = /bin/sh;
			shellScript = "diff \"${PODS_PODFILE_DIR_PATH}/Podfile.lock\" \"${PODS_ROOT}/Manifest.lock\" > /dev/null\nif [ $? != 0 ] ; then\n    # print error to STDERR\n    echo \"error: The sandbox is not in sync with the Podfile.lock. Run 'pod install' or update your CocoaPods installation.\" >&2\n    exit 1\nfi\n# This output is used by Xcode 'outputs' to avoid re-running this script phase.\necho \"SUCCESS\" > \"${SCRIPT_OUTPUT_FILE_0}\"\n";
			showEnvVarsInLog = 0;
		};
		9105809491291E75CE0B014A /* [CP] Check Pods Manifest.lock */ = {
			isa = PBXShellScriptBuildPhase;
			buildActionMask = 2147483647;
			files = (
			);
			inputFileListPaths = (
			);
			inputPaths = (
				"${PODS_PODFILE_DIR_PATH}/Podfile.lock",
				"${PODS_ROOT}/Manifest.lock",
			);
			name = "[CP] Check Pods Manifest.lock";
			outputFileListPaths = (
			);
			outputPaths = (
				"$(DERIVED_FILE_DIR)/Pods-TRIFLETests-checkManifestLockResult.txt",
			);
			runOnlyForDeploymentPostprocessing = 0;
			shellPath = /bin/sh;
			shellScript = "diff \"${PODS_PODFILE_DIR_PATH}/Podfile.lock\" \"${PODS_ROOT}/Manifest.lock\" > /dev/null\nif [ $? != 0 ] ; then\n    # print error to STDERR\n    echo \"error: The sandbox is not in sync with the Podfile.lock. Run 'pod install' or update your CocoaPods installation.\" >&2\n    exit 1\nfi\n# This output is used by Xcode 'outputs' to avoid re-running this script phase.\necho \"SUCCESS\" > \"${SCRIPT_OUTPUT_FILE_0}\"\n";
			showEnvVarsInLog = 0;
		};
		DECA01F40341ECAC5F5F2045 /* [CP] Embed Pods Frameworks */ = {
			isa = PBXShellScriptBuildPhase;
			buildActionMask = 2147483647;
			files = (
			);
			inputFileListPaths = (
				"${PODS_ROOT}/Target Support Files/Pods-TRIFLE/Pods-TRIFLE-frameworks-${CONFIGURATION}-input-files.xcfilelist",
			);
			name = "[CP] Embed Pods Frameworks";
			outputFileListPaths = (
				"${PODS_ROOT}/Target Support Files/Pods-TRIFLE/Pods-TRIFLE-frameworks-${CONFIGURATION}-output-files.xcfilelist",
			);
			runOnlyForDeploymentPostprocessing = 0;
			shellPath = /bin/sh;
			shellScript = "\"${PODS_ROOT}/Target Support Files/Pods-TRIFLE/Pods-TRIFLE-frameworks.sh\"\n";
			showEnvVarsInLog = 0;
		};
/* End PBXShellScriptBuildPhase section */

/* Begin PBXSourcesBuildPhase section */
		2FE62EA923EAC92E0089165E /* Sources */ = {
			isa = PBXSourcesBuildPhase;
			buildActionMask = 2147483647;
			files = (
				2FEBA95923F059AA00BA14EE /* TRCommunicateViewController.swift in Sources */,
				2FEBA95D23F05BED00BA14EE /* TRPublishViewController.swift in Sources */,
				2F1A5E6023F1DA1F00D409A8 /* TRLoginView.swift in Sources */,
				2FEBA95323F057FD00BA14EE /* TRTabBarController.swift in Sources */,
				2FE62EB123EAC92E0089165E /* AppDelegate.swift in Sources */,
				2FEBA95723F0596F00BA14EE /* TRVideoViewController.swift in Sources */,
				2FF1BADB23F1B3D700468B7D /* UIImage-Extension.swift in Sources */,
				2FEBA95B23F059F100BA14EE /* TRProfileViewController.swift in Sources */,
				2F1A5E5C23F1C94E00D409A8 /* TRRecommendViewController.swift in Sources */,
				2FEBA95523F058C300BA14EE /* TRHomeViewController.swift in Sources */,
				2F1A5E5E23F1C97D00D409A8 /* TREttentionViewController.swift in Sources */,
				2F1A5E5A23F1C2C600D409A8 /* UISegmentedControl-Extension.swift in Sources */,
			);
			runOnlyForDeploymentPostprocessing = 0;
		};
		2FE62EBF23EAC92F0089165E /* Sources */ = {
			isa = PBXSourcesBuildPhase;
			buildActionMask = 2147483647;
			files = (
				2FE62EC823EAC92F0089165E /* TRIFLETests.swift in Sources */,
			);
			runOnlyForDeploymentPostprocessing = 0;
		};
		2FE62ECA23EAC92F0089165E /* Sources */ = {
			isa = PBXSourcesBuildPhase;
			buildActionMask = 2147483647;
			files = (
				2FE62ED323EAC92F0089165E /* TRIFLEUITests.swift in Sources */,
			);
			runOnlyForDeploymentPostprocessing = 0;
		};
/* End PBXSourcesBuildPhase section */

/* Begin PBXTargetDependency section */
		2FE62EC523EAC92F0089165E /* PBXTargetDependency */ = {
			isa = PBXTargetDependency;
			target = 2FE62EAC23EAC92E0089165E /* TRIFLE */;
			targetProxy = 2FE62EC423EAC92F0089165E /* PBXContainerItemProxy */;
		};
		2FE62ED023EAC92F0089165E /* PBXTargetDependency */ = {
			isa = PBXTargetDependency;
			target = 2FE62EAC23EAC92E0089165E /* TRIFLE */;
			targetProxy = 2FE62ECF23EAC92F0089165E /* PBXContainerItemProxy */;
		};
/* End PBXTargetDependency section */

/* Begin PBXVariantGroup section */
		2FE62EBB23EAC92F0089165E /* LaunchScreen.storyboard */ = {
			isa = PBXVariantGroup;
			children = (
				2FE62EBC23EAC92F0089165E /* Base */,
			);
			name = LaunchScreen.storyboard;
			sourceTree = "<group>";
		};
/* End PBXVariantGroup section */

/* Begin XCBuildConfiguration section */
		2FE62ED523EAC92F0089165E /* Debug */ = {
			isa = XCBuildConfiguration;
			buildSettings = {
				ALWAYS_SEARCH_USER_PATHS = NO;
				CLANG_ANALYZER_NONNULL = YES;
				CLANG_ANALYZER_NUMBER_OBJECT_CONVERSION = YES_AGGRESSIVE;
				CLANG_CXX_LANGUAGE_STANDARD = "gnu++14";
				CLANG_CXX_LIBRARY = "libc++";
				CLANG_ENABLE_MODULES = YES;
				CLANG_ENABLE_OBJC_ARC = YES;
				CLANG_ENABLE_OBJC_WEAK = YES;
				CLANG_WARN_BLOCK_CAPTURE_AUTORELEASING = YES;
				CLANG_WARN_BOOL_CONVERSION = YES;
				CLANG_WARN_COMMA = YES;
				CLANG_WARN_CONSTANT_CONVERSION = YES;
				CLANG_WARN_DEPRECATED_OBJC_IMPLEMENTATIONS = YES;
				CLANG_WARN_DIRECT_OBJC_ISA_USAGE = YES_ERROR;
				CLANG_WARN_DOCUMENTATION_COMMENTS = YES;
				CLANG_WARN_EMPTY_BODY = YES;
				CLANG_WARN_ENUM_CONVERSION = YES;
				CLANG_WARN_INFINITE_RECURSION = YES;
				CLANG_WARN_INT_CONVERSION = YES;
				CLANG_WARN_NON_LITERAL_NULL_CONVERSION = YES;
				CLANG_WARN_OBJC_IMPLICIT_RETAIN_SELF = YES;
				CLANG_WARN_OBJC_LITERAL_CONVERSION = YES;
				CLANG_WARN_OBJC_ROOT_CLASS = YES_ERROR;
				CLANG_WARN_RANGE_LOOP_ANALYSIS = YES;
				CLANG_WARN_STRICT_PROTOTYPES = YES;
				CLANG_WARN_SUSPICIOUS_MOVE = YES;
				CLANG_WARN_UNGUARDED_AVAILABILITY = YES_AGGRESSIVE;
				CLANG_WARN_UNREACHABLE_CODE = YES;
				CLANG_WARN__DUPLICATE_METHOD_MATCH = YES;
				COPY_PHASE_STRIP = NO;
				DEBUG_INFORMATION_FORMAT = dwarf;
				ENABLE_STRICT_OBJC_MSGSEND = YES;
				ENABLE_TESTABILITY = YES;
				GCC_C_LANGUAGE_STANDARD = gnu11;
				GCC_DYNAMIC_NO_PIC = NO;
				GCC_NO_COMMON_BLOCKS = YES;
				GCC_OPTIMIZATION_LEVEL = 0;
				GCC_PREPROCESSOR_DEFINITIONS = (
					"DEBUG=1",
					"$(inherited)",
				);
				GCC_WARN_64_TO_32_BIT_CONVERSION = YES;
				GCC_WARN_ABOUT_RETURN_TYPE = YES_ERROR;
				GCC_WARN_UNDECLARED_SELECTOR = YES;
				GCC_WARN_UNINITIALIZED_AUTOS = YES_AGGRESSIVE;
				GCC_WARN_UNUSED_FUNCTION = YES;
				GCC_WARN_UNUSED_VARIABLE = YES;
				INFOPLIST_FILE = /Users/yang/Desktop/TRIFLE/TRIFLE/Resouce/System/Info.plist;
				IPHONEOS_DEPLOYMENT_TARGET = 9.0;
				MTL_ENABLE_DEBUG_INFO = INCLUDE_SOURCE;
				MTL_FAST_MATH = YES;
				ONLY_ACTIVE_ARCH = YES;
				SDKROOT = iphoneos;
				SWIFT_ACTIVE_COMPILATION_CONDITIONS = DEBUG;
				SWIFT_OPTIMIZATION_LEVEL = "-Onone";
			};
			name = Debug;
		};
		2FE62ED623EAC92F0089165E /* Release */ = {
			isa = XCBuildConfiguration;
			buildSettings = {
				ALWAYS_SEARCH_USER_PATHS = NO;
				CLANG_ANALYZER_NONNULL = YES;
				CLANG_ANALYZER_NUMBER_OBJECT_CONVERSION = YES_AGGRESSIVE;
				CLANG_CXX_LANGUAGE_STANDARD = "gnu++14";
				CLANG_CXX_LIBRARY = "libc++";
				CLANG_ENABLE_MODULES = YES;
				CLANG_ENABLE_OBJC_ARC = YES;
				CLANG_ENABLE_OBJC_WEAK = YES;
				CLANG_WARN_BLOCK_CAPTURE_AUTORELEASING = YES;
				CLANG_WARN_BOOL_CONVERSION = YES;
				CLANG_WARN_COMMA = YES;
				CLANG_WARN_CONSTANT_CONVERSION = YES;
				CLANG_WARN_DEPRECATED_OBJC_IMPLEMENTATIONS = YES;
				CLANG_WARN_DIRECT_OBJC_ISA_USAGE = YES_ERROR;
				CLANG_WARN_DOCUMENTATION_COMMENTS = YES;
				CLANG_WARN_EMPTY_BODY = YES;
				CLANG_WARN_ENUM_CONVERSION = YES;
				CLANG_WARN_INFINITE_RECURSION = YES;
				CLANG_WARN_INT_CONVERSION = YES;
				CLANG_WARN_NON_LITERAL_NULL_CONVERSION = YES;
				CLANG_WARN_OBJC_IMPLICIT_RETAIN_SELF = YES;
				CLANG_WARN_OBJC_LITERAL_CONVERSION = YES;
				CLANG_WARN_OBJC_ROOT_CLASS = YES_ERROR;
				CLANG_WARN_RANGE_LOOP_ANALYSIS = YES;
				CLANG_WARN_STRICT_PROTOTYPES = YES;
				CLANG_WARN_SUSPICIOUS_MOVE = YES;
				CLANG_WARN_UNGUARDED_AVAILABILITY = YES_AGGRESSIVE;
				CLANG_WARN_UNREACHABLE_CODE = YES;
				CLANG_WARN__DUPLICATE_METHOD_MATCH = YES;
				COPY_PHASE_STRIP = NO;
				DEBUG_INFORMATION_FORMAT = "dwarf-with-dsym";
				ENABLE_NS_ASSERTIONS = NO;
				ENABLE_STRICT_OBJC_MSGSEND = YES;
				GCC_C_LANGUAGE_STANDARD = gnu11;
				GCC_NO_COMMON_BLOCKS = YES;
				GCC_WARN_64_TO_32_BIT_CONVERSION = YES;
				GCC_WARN_ABOUT_RETURN_TYPE = YES_ERROR;
				GCC_WARN_UNDECLARED_SELECTOR = YES;
				GCC_WARN_UNINITIALIZED_AUTOS = YES_AGGRESSIVE;
				GCC_WARN_UNUSED_FUNCTION = YES;
				GCC_WARN_UNUSED_VARIABLE = YES;
				INFOPLIST_FILE = /Users/yang/Desktop/TRIFLE/TRIFLE/Resouce/System/Info.plist;
				IPHONEOS_DEPLOYMENT_TARGET = 9.0;
				MTL_ENABLE_DEBUG_INFO = NO;
				MTL_FAST_MATH = YES;
				SDKROOT = iphoneos;
				SWIFT_COMPILATION_MODE = wholemodule;
				SWIFT_OPTIMIZATION_LEVEL = "-O";
				VALIDATE_PRODUCT = YES;
			};
			name = Release;
		};
		2FE62ED823EAC92F0089165E /* Debug */ = {
			isa = XCBuildConfiguration;
			baseConfigurationReference = D678978D3EA8328937F1E6A9 /* Pods-TRIFLE.debug.xcconfig */;
			buildSettings = {
				ALWAYS_EMBED_SWIFT_STANDARD_LIBRARIES = "$(inherited)";
				ASSETCATALOG_COMPILER_APPICON_NAME = AppIcon;
				CODE_SIGN_STYLE = Automatic;
				DEVELOPMENT_TEAM = Y2RFU452P5;
				FRAMEWORK_SEARCH_PATHS = (
					"$(inherited)",
					"$(PROJECT_DIR)/TRIFLE",
				);
				INFOPLIST_FILE = "$(SRCROOT)/TRIFLE/Resouce/System/Info.plist";
				IPHONEOS_DEPLOYMENT_TARGET = 10.0;
				LD_RUNPATH_SEARCH_PATHS = (
					"$(inherited)",
					"@executable_path/Frameworks",
				);
				OTHER_LDFLAGS = (
					"$(inherited)",
					"-framework",
					"\"Alamofire\"",
					"-framework",
					"\"CFNetwork\"",
					"-framework",
					"\"SnapKit\"",
					"-fobjc-arc",
				);
				PRODUCT_BUNDLE_IDENTIFIER = com.trifle.www.TRIFLE;
				PRODUCT_NAME = "$(TARGET_NAME)";
				SWIFT_OBJC_BRIDGING_HEADER = "/Users/yang/Desktop/trifle/TRIFLE/TRIFLE-Bridging-Header.h";
				SWIFT_VERSION = 5.0;
				TARGETED_DEVICE_FAMILY = 1;
			};
			name = Debug;
		};
		2FE62ED923EAC92F0089165E /* Release */ = {
			isa = XCBuildConfiguration;
			baseConfigurationReference = 07811A9D8D07955F1C5FC7BD /* Pods-TRIFLE.release.xcconfig */;
			buildSettings = {
				ALWAYS_EMBED_SWIFT_STANDARD_LIBRARIES = "$(inherited)";
				ASSETCATALOG_COMPILER_APPICON_NAME = AppIcon;
				CODE_SIGN_STYLE = Automatic;
				DEVELOPMENT_TEAM = Y2RFU452P5;
				FRAMEWORK_SEARCH_PATHS = (
					"$(inherited)",
					"$(PROJECT_DIR)/TRIFLE",
				);
				INFOPLIST_FILE = "$(SRCROOT)/TRIFLE/Resouce/System/Info.plist";
				IPHONEOS_DEPLOYMENT_TARGET = 10.0;
				LD_RUNPATH_SEARCH_PATHS = (
					"$(inherited)",
					"@executable_path/Frameworks",
				);
				OTHER_LDFLAGS = (
					"$(inherited)",
					"-framework",
					"\"Alamofire\"",
					"-framework",
					"\"CFNetwork\"",
					"-framework",
					"\"SnapKit\"",
					"-fobjc-arc",
				);
				PRODUCT_BUNDLE_IDENTIFIER = com.trifle.www.TRIFLE;
				PRODUCT_NAME = "$(TARGET_NAME)";
				SWIFT_OBJC_BRIDGING_HEADER = "/Users/yang/Desktop/trifle/TRIFLE/TRIFLE-Bridging-Header.h";
				SWIFT_VERSION = 5.0;
				TARGETED_DEVICE_FAMILY = 1;
			};
			name = Release;
		};
		2FE62EDB23EAC92F0089165E /* Debug */ = {
			isa = XCBuildConfiguration;
			baseConfigurationReference = 9CE3571389123F9BCC447375 /* Pods-TRIFLETests.debug.xcconfig */;
			buildSettings = {
				ALWAYS_EMBED_SWIFT_STANDARD_LIBRARIES = YES;
				BUNDLE_LOADER = "$(TEST_HOST)";
				CODE_SIGN_STYLE = Automatic;
				DEVELOPMENT_TEAM = Y2RFU452P5;
				INFOPLIST_FILE = TRIFLETests/Info.plist;
				IPHONEOS_DEPLOYMENT_TARGET = 13.2;
				LD_RUNPATH_SEARCH_PATHS = (
					"$(inherited)",
					"@executable_path/Frameworks",
					"@loader_path/Frameworks",
				);
				PRODUCT_BUNDLE_IDENTIFIER = com.trifle.www.TRIFLETests;
				PRODUCT_NAME = "$(TARGET_NAME)";
				SWIFT_VERSION = 5.0;
				TARGETED_DEVICE_FAMILY = "1,2";
				TEST_HOST = "$(BUILT_PRODUCTS_DIR)/TRIFLE.app/TRIFLE";
			};
			name = Debug;
		};
		2FE62EDC23EAC92F0089165E /* Release */ = {
			isa = XCBuildConfiguration;
			baseConfigurationReference = 3E63C637086E7B3E2C9DF842 /* Pods-TRIFLETests.release.xcconfig */;
			buildSettings = {
				ALWAYS_EMBED_SWIFT_STANDARD_LIBRARIES = YES;
				BUNDLE_LOADER = "$(TEST_HOST)";
				CODE_SIGN_STYLE = Automatic;
				DEVELOPMENT_TEAM = Y2RFU452P5;
				INFOPLIST_FILE = TRIFLETests/Info.plist;
				IPHONEOS_DEPLOYMENT_TARGET = 13.2;
				LD_RUNPATH_SEARCH_PATHS = (
					"$(inherited)",
					"@executable_path/Frameworks",
					"@loader_path/Frameworks",
				);
				PRODUCT_BUNDLE_IDENTIFIER = com.trifle.www.TRIFLETests;
				PRODUCT_NAME = "$(TARGET_NAME)";
				SWIFT_VERSION = 5.0;
				TARGETED_DEVICE_FAMILY = "1,2";
				TEST_HOST = "$(BUILT_PRODUCTS_DIR)/TRIFLE.app/TRIFLE";
			};
			name = Release;
		};
		2FE62EDE23EAC92F0089165E /* Debug */ = {
			isa = XCBuildConfiguration;
			baseConfigurationReference = 2F775C1A8B63CE1BA739C37D /* Pods-TRIFLE-TRIFLEUITests.debug.xcconfig */;
			buildSettings = {
				ALWAYS_EMBED_SWIFT_STANDARD_LIBRARIES = "$(inherited)";
				CODE_SIGN_STYLE = Automatic;
				DEVELOPMENT_TEAM = Y2RFU452P5;
				INFOPLIST_FILE = TRIFLEUITests/Info.plist;
				LD_RUNPATH_SEARCH_PATHS = (
					"$(inherited)",
					"@executable_path/Frameworks",
					"@loader_path/Frameworks",
				);
				PRODUCT_BUNDLE_IDENTIFIER = com.trifle.www.TRIFLEUITests;
				PRODUCT_NAME = "$(TARGET_NAME)";
				SWIFT_VERSION = 5.0;
				TARGETED_DEVICE_FAMILY = "1,2";
				TEST_TARGET_NAME = TRIFLE;
			};
			name = Debug;
		};
		2FE62EDF23EAC92F0089165E /* Release */ = {
			isa = XCBuildConfiguration;
			baseConfigurationReference = 0AEB01FDC1FC133F344005D3 /* Pods-TRIFLE-TRIFLEUITests.release.xcconfig */;
			buildSettings = {
				ALWAYS_EMBED_SWIFT_STANDARD_LIBRARIES = "$(inherited)";
				CODE_SIGN_STYLE = Automatic;
				DEVELOPMENT_TEAM = Y2RFU452P5;
				INFOPLIST_FILE = TRIFLEUITests/Info.plist;
				LD_RUNPATH_SEARCH_PATHS = (
					"$(inherited)",
					"@executable_path/Frameworks",
					"@loader_path/Frameworks",
				);
				PRODUCT_BUNDLE_IDENTIFIER = com.trifle.www.TRIFLEUITests;
				PRODUCT_NAME = "$(TARGET_NAME)";
				SWIFT_VERSION = 5.0;
				TARGETED_DEVICE_FAMILY = "1,2";
				TEST_TARGET_NAME = TRIFLE;
			};
			name = Release;
		};
/* End XCBuildConfiguration section */

/* Begin XCConfigurationList section */
		2FE62EA823EAC92E0089165E /* Build configuration list for PBXProject "TRIFLE" */ = {
			isa = XCConfigurationList;
			buildConfigurations = (
				2FE62ED523EAC92F0089165E /* Debug */,
				2FE62ED623EAC92F0089165E /* Release */,
			);
			defaultConfigurationIsVisible = 0;
			defaultConfigurationName = Release;
		};
		2FE62ED723EAC92F0089165E /* Build configuration list for PBXNativeTarget "TRIFLE" */ = {
			isa = XCConfigurationList;
			buildConfigurations = (
				2FE62ED823EAC92F0089165E /* Debug */,
				2FE62ED923EAC92F0089165E /* Release */,
			);
			defaultConfigurationIsVisible = 0;
			defaultConfigurationName = Release;
		};
		2FE62EDA23EAC92F0089165E /* Build configuration list for PBXNativeTarget "TRIFLETests" */ = {
			isa = XCConfigurationList;
			buildConfigurations = (
				2FE62EDB23EAC92F0089165E /* Debug */,
				2FE62EDC23EAC92F0089165E /* Release */,
			);
			defaultConfigurationIsVisible = 0;
			defaultConfigurationName = Release;
		};
		2FE62EDD23EAC92F0089165E /* Build configuration list for PBXNativeTarget "TRIFLEUITests" */ = {
			isa = XCConfigurationList;
			buildConfigurations = (
				2FE62EDE23EAC92F0089165E /* Debug */,
				2FE62EDF23EAC92F0089165E /* Release */,
			);
			defaultConfigurationIsVisible = 0;
			defaultConfigurationName = Release;
		};
/* End XCConfigurationList section */
	};
	rootObject = 2FE62EA523EAC92E0089165E /* Project object */;
}
